
Microsoft Visual Studio Solution File, Format Version 12.00
# Visual Studio 15
Project("{FAE04EC0-301F-11D3-BF4B-00C04F79EFBC}") = "Assembly-CSharp", "Assembly-CSharp.csproj", "{21246282-7132-48B2-9AA5-07E10A0448F2}"
EndProject
Project("{FAE04EC0-301F-11D3-BF4B-00C04F79EFBC}") = "Assembly-CSharp-Editor", "Assembly-CSharp-Editor.csproj", "{C3D70B30-45FE-481B-B14E-FCD80F25FF94}"
EndProject
Global
	GlobalSection(SolutionConfigurationPlatforms) = preSolution
		Debug|Any CPU = Debug|Any CPU
		Release|Any CPU = Release|Any CPU
	EndGlobalSection
	GlobalSection(ProjectConfigurationPlatforms) = postSolution
		{21246282-7132-48B2-9AA5-07E10A0448F2}.Debug|Any CPU.ActiveCfg = Debug|Any CPU
		{21246282-7132-48B2-9AA5-07E10A0448F2}.Debug|Any CPU.Build.0 = Debug|Any CPU
		{21246282-7132-48B2-9AA5-07E10A0448F2}.Release|Any CPU.ActiveCfg = Release|Any CPU
		{21246282-7132-48B2-9AA5-07E10A0448F2}.Release|Any CPU.Build.0 = Release|Any CPU
		{C3D70B30-45FE-481B-B14E-FCD80F25FF94}.Debug|Any CPU.ActiveCfg = Debug|Any CPU
		{C3D70B30-45FE-481B-B14E-FCD80F25FF94}.Debug|Any CPU.Build.0 = Debug|Any CPU
		{C3D70B30-45FE-481B-B14E-FCD80F25FF94}.Release|Any CPU.ActiveCfg = Release|Any CPU
		{C3D70B30-45FE-481B-B14E-FCD80F25FF94}.Release|Any CPU.Build.0 = Release|Any CPU
	EndGlobalSection
	GlobalSection(SolutionProperties) = preSolution
		HideSolutionNode = FALSE
	EndGlobalSection
EndGlobal
